// !$*UTF8*$!
{
	archiveVersion = 1;
	classes = {
	};
	objectVersion = 51;
	objects = {

/* Begin PBXBuildFile section */
		58BFCB402E687793C46A57A5 /* Pods_Messenger.framework in Frameworks */ = {isa = PBXBuildFile; fileRef = 5A23EFCB30243A0B2EB6FEEE /* Pods_Messenger.framework */; };
		C80598242541E56E00F81F0D /* StorageManager.swift in Sources */ = {isa = PBXBuildFile; fileRef = C80598232541E56E00F81F0D /* StorageManager.swift */; };
		C81D7727253CCA5800B1EA57 /* AppDelegate.swift in Sources */ = {isa = PBXBuildFile; fileRef = C81D7726253CCA5800B1EA57 /* AppDelegate.swift */; };
		C81D7729253CCA5800B1EA57 /* SceneDelegate.swift in Sources */ = {isa = PBXBuildFile; fileRef = C81D7728253CCA5800B1EA57 /* SceneDelegate.swift */; };
		C81D772B253CCA5800B1EA57 /* ConversationsViewController.swift in Sources */ = {isa = PBXBuildFile; fileRef = C81D772A253CCA5800B1EA57 /* ConversationsViewController.swift */; };
		C81D772E253CCA5800B1EA57 /* Main.storyboard in Resources */ = {isa = PBXBuildFile; fileRef = C81D772C253CCA5800B1EA57 /* Main.storyboard */; };
		C81D7730253CCA5900B1EA57 /* Assets.xcassets in Resources */ = {isa = PBXBuildFile; fileRef = C81D772F253CCA5900B1EA57 /* Assets.xcassets */; };
		C81D7733253CCA5900B1EA57 /* LaunchScreen.storyboard in Resources */ = {isa = PBXBuildFile; fileRef = C81D7731253CCA5900B1EA57 /* LaunchScreen.storyboard */; };
		C81D7744253CCC2800B1EA57 /* LoginViewController.swift in Sources */ = {isa = PBXBuildFile; fileRef = C81D7743253CCC2800B1EA57 /* LoginViewController.swift */; };
		C81D7749253CCC3E00B1EA57 /* RegisterViewController.swift in Sources */ = {isa = PBXBuildFile; fileRef = C81D7748253CCC3E00B1EA57 /* RegisterViewController.swift */; };
		C81D774C253CCC5D00B1EA57 /* PhotoViewerViewController.swift in Sources */ = {isa = PBXBuildFile; fileRef = C81D774B253CCC5D00B1EA57 /* PhotoViewerViewController.swift */; };
		C81D774F253CCC6400B1EA57 /* VideoPlayerViewController.swift in Sources */ = {isa = PBXBuildFile; fileRef = C81D774E253CCC6400B1EA57 /* VideoPlayerViewController.swift */; };
		C81D7752253CCC8500B1EA57 /* NewConversationViewController.swift in Sources */ = {isa = PBXBuildFile; fileRef = C81D7751253CCC8500B1EA57 /* NewConversationViewController.swift */; };
		C81D7755253CCC9E00B1EA57 /* ProfileViewController.swift in Sources */ = {isa = PBXBuildFile; fileRef = C81D7754253CCC9E00B1EA57 /* ProfileViewController.swift */; };
		C81D775A253CD16000B1EA57 /* Extensions.swift in Sources */ = {isa = PBXBuildFile; fileRef = C81D7759253CD16000B1EA57 /* Extensions.swift */; };
		C851C55C25410CE8007C0A5F /* ChatViewController.swift in Sources */ = {isa = PBXBuildFile; fileRef = C851C55B25410CE8007C0A5F /* ChatViewController.swift */; };
		C86B8713253E229F00984F63 /* GoogleService-Info.plist in Resources */ = {isa = PBXBuildFile; fileRef = C86B8712253E229F00984F63 /* GoogleService-Info.plist */; };
		C86B8776253E504C00984F63 /* DatabaseManager.swift in Sources */ = {isa = PBXBuildFile; fileRef = C86B8775253E504C00984F63 /* DatabaseManager.swift */; };
		C884BC70254F40E500CAD750 /* NewConversationCell.swift in Sources */ = {isa = PBXBuildFile; fileRef = C884BC6F254F40E500CAD750 /* NewConversationCell.swift */; };
		C8BCEA8F2545EC44002328A3 /* ConversationTableViewCell.swift in Sources */ = {isa = PBXBuildFile; fileRef = C8BCEA8E2545EC44002328A3 /* ConversationTableViewCell.swift */; };
		C8CA30602550A06500802D53 /* LocationPickerViewController.swift in Sources */ = {isa = PBXBuildFile; fileRef = C8CA305F2550A06500802D53 /* LocationPickerViewController.swift */; };
/* End PBXBuildFile section */

/* Begin PBXFileReference section */
		1FF4DD029D80E183F35B0C32 /* Pods-Messenger.debug.xcconfig */ = {isa = PBXFileReference; includeInIndex = 1; lastKnownFileType = text.xcconfig; name = "Pods-Messenger.debug.xcconfig"; path = "Target Support Files/Pods-Messenger/Pods-Messenger.debug.xcconfig"; sourceTree = "<group>"; };
		5295F47557FF00771AB53529 /* Pods-Messenger.release.xcconfig */ = {isa = PBXFileReference; includeInIndex = 1; lastKnownFileType = text.xcconfig; name = "Pods-Messenger.release.xcconfig"; path = "Target Support Files/Pods-Messenger/Pods-Messenger.release.xcconfig"; sourceTree = "<group>"; };
		5A23EFCB30243A0B2EB6FEEE /* Pods_Messenger.framework */ = {isa = PBXFileReference; explicitFileType = wrapper.framework; includeInIndex = 0; path = Pods_Messenger.framework; sourceTree = BUILT_PRODUCTS_DIR; };
		C80598232541E56E00F81F0D /* StorageManager.swift */ = {isa = PBXFileReference; lastKnownFileType = sourcecode.swift; path = StorageManager.swift; sourceTree = "<group>"; };
		C81D7723253CCA5800B1EA57 /* Messenger.app */ = {isa = PBXFileReference; explicitFileType = wrapper.application; includeInIndex = 0; path = Messenger.app; sourceTree = BUILT_PRODUCTS_DIR; };
		C81D7726253CCA5800B1EA57 /* AppDelegate.swift */ = {isa = PBXFileReference; lastKnownFileType = sourcecode.swift; path = AppDelegate.swift; sourceTree = "<group>"; };
		C81D7728253CCA5800B1EA57 /* SceneDelegate.swift */ = {isa = PBXFileReference; lastKnownFileType = sourcecode.swift; path = SceneDelegate.swift; sourceTree = "<group>"; };
		C81D772A253CCA5800B1EA57 /* ConversationsViewController.swift */ = {isa = PBXFileReference; lastKnownFileType = sourcecode.swift; path = ConversationsViewController.swift; sourceTree = "<group>"; };
		C81D772D253CCA5800B1EA57 /* Base */ = {isa = PBXFileReference; lastKnownFileType = file.storyboard; name = Base; path = Base.lproj/Main.storyboard; sourceTree = "<group>"; };
		C81D772F253CCA5900B1EA57 /* Assets.xcassets */ = {isa = PBXFileReference; lastKnownFileType = folder.assetcatalog; path = Assets.xcassets; sourceTree = "<group>"; };
		C81D7732253CCA5900B1EA57 /* Base */ = {isa = PBXFileReference; lastKnownFileType = file.storyboard; name = Base; path = Base.lproj/LaunchScreen.storyboard; sourceTree = "<group>"; };
		C81D7734253CCA5900B1EA57 /* Info.plist */ = {isa = PBXFileReference; lastKnownFileType = text.plist.xml; path = Info.plist; sourceTree = "<group>"; };
		C81D7743253CCC2800B1EA57 /* LoginViewController.swift */ = {isa = PBXFileReference; lastKnownFileType = sourcecode.swift; path = LoginViewController.swift; sourceTree = "<group>"; };
		C81D7748253CCC3E00B1EA57 /* RegisterViewController.swift */ = {isa = PBXFileReference; lastKnownFileType = sourcecode.swift; path = RegisterViewController.swift; sourceTree = "<group>"; };
		C81D774B253CCC5D00B1EA57 /* PhotoViewerViewController.swift */ = {isa = PBXFileReference; lastKnownFileType = sourcecode.swift; path = PhotoViewerViewController.swift; sourceTree = "<group>"; };
		C81D774E253CCC6400B1EA57 /* VideoPlayerViewController.swift */ = {isa = PBXFileReference; lastKnownFileType = sourcecode.swift; path = VideoPlayerViewController.swift; sourceTree = "<group>"; };
		C81D7751253CCC8500B1EA57 /* NewConversationViewController.swift */ = {isa = PBXFileReference; lastKnownFileType = sourcecode.swift; path = NewConversationViewController.swift; sourceTree = "<group>"; };
		C81D7754253CCC9E00B1EA57 /* ProfileViewController.swift */ = {isa = PBXFileReference; lastKnownFileType = sourcecode.swift; path = ProfileViewController.swift; sourceTree = "<group>"; };
		C81D7759253CD16000B1EA57 /* Extensions.swift */ = {isa = PBXFileReference; lastKnownFileType = sourcecode.swift; path = Extensions.swift; sourceTree = "<group>"; };
		C851C55B25410CE8007C0A5F /* ChatViewController.swift */ = {isa = PBXFileReference; lastKnownFileType = sourcecode.swift; path = ChatViewController.swift; sourceTree = "<group>"; };
		C86B8712253E229F00984F63 /* GoogleService-Info.plist */ = {isa = PBXFileReference; fileEncoding = 4; lastKnownFileType = text.plist.xml; path = "GoogleService-Info.plist"; sourceTree = "<group>"; };
		C86B8775253E504C00984F63 /* DatabaseManager.swift */ = {isa = PBXFileReference; lastKnownFileType = sourcecode.swift; path = DatabaseManager.swift; sourceTree = "<group>"; };
		C884BC6F254F40E500CAD750 /* NewConversationCell.swift */ = {isa = PBXFileReference; lastKnownFileType = sourcecode.swift; path = NewConversationCell.swift; sourceTree = "<group>"; };
		C8BCEA8E2545EC44002328A3 /* ConversationTableViewCell.swift */ = {isa = PBXFileReference; lastKnownFileType = sourcecode.swift; path = ConversationTableViewCell.swift; sourceTree = "<group>"; };
		C8CA305F2550A06500802D53 /* LocationPickerViewController.swift */ = {isa = PBXFileReference; lastKnownFileType = sourcecode.swift; path = LocationPickerViewController.swift; sourceTree = "<group>"; };
/* End PBXFileReference section */

/* Begin PBXFrameworksBuildPhase section */
		C81D7720253CCA5800B1EA57 /* Frameworks */ = {
			isa = PBXFrameworksBuildPhase;
			buildActionMask = 2147483647;
			files = (
				58BFCB402E687793C46A57A5 /* Pods_Messenger.framework in Frameworks */,
			);
			runOnlyForDeploymentPostprocessing = 0;
		};
/* End PBXFrameworksBuildPhase section */

/* Begin PBXGroup section */
		6D67F66AE7DC3CD165B1198F /* Pods */ = {
			isa = PBXGroup;
			children = (
				1FF4DD029D80E183F35B0C32 /* Pods-Messenger.debug.xcconfig */,
				5295F47557FF00771AB53529 /* Pods-Messenger.release.xcconfig */,
			);
			path = Pods;
			sourceTree = "<group>";
		};
		9973C61069666637831A2020 /* Frameworks */ = {
			isa = PBXGroup;
			children = (
				5A23EFCB30243A0B2EB6FEEE /* Pods_Messenger.framework */,
			);
			name = Frameworks;
			sourceTree = "<group>";
		};
		C81D771A253CCA5800B1EA57 = {
			isa = PBXGroup;
			children = (
				C81D7725253CCA5800B1EA57 /* Messenger */,
				C81D7724253CCA5800B1EA57 /* Products */,
				6D67F66AE7DC3CD165B1198F /* Pods */,
				9973C61069666637831A2020 /* Frameworks */,
			);
			sourceTree = "<group>";
		};
		C81D7724253CCA5800B1EA57 /* Products */ = {
			isa = PBXGroup;
			children = (
				C81D7723253CCA5800B1EA57 /* Messenger.app */,
			);
			name = Products;
			sourceTree = "<group>";
		};
		C81D7725253CCA5800B1EA57 /* Messenger */ = {
			isa = PBXGroup;
			children = (
				C86B8712253E229F00984F63 /* GoogleService-Info.plist */,
				C81D773F253CCB3800B1EA57 /* Resources */,
				C81D773E253CCB2D00B1EA57 /* ViewModels */,
				C81D773D253CCB2900B1EA57 /* Models */,
				C81D773C253CCB2400B1EA57 /* Views */,
				C81D773B253CCB1B00B1EA57 /* Controllers */,
				C81D7734253CCA5900B1EA57 /* Info.plist */,
			);
			path = Messenger;
			sourceTree = "<group>";
		};
		C81D773B253CCB1B00B1EA57 /* Controllers */ = {
			isa = PBXGroup;
			children = (
				C81D772A253CCA5800B1EA57 /* ConversationsViewController.swift */,
				C81D7757253CCD8F00B1EA57 /* Login */,
				C81D774B253CCC5D00B1EA57 /* PhotoViewerViewController.swift */,
				C81D774E253CCC6400B1EA57 /* VideoPlayerViewController.swift */,
				C81D7751253CCC8500B1EA57 /* NewConversationViewController.swift */,
				C81D7754253CCC9E00B1EA57 /* ProfileViewController.swift */,
				C851C55B25410CE8007C0A5F /* ChatViewController.swift */,
				C8CA305F2550A06500802D53 /* LocationPickerViewController.swift */,
			);
			path = Controllers;
			sourceTree = "<group>";
		};
		C81D773C253CCB2400B1EA57 /* Views */ = {
			isa = PBXGroup;
			children = (
				C8BCEA8E2545EC44002328A3 /* ConversationTableViewCell.swift */,
				C884BC6F254F40E500CAD750 /* NewConversationCell.swift */,
				C81D7741253CCB5600B1EA57 /* Storyboards */,
				C81D772F253CCA5900B1EA57 /* Assets.xcassets */,
			);
			path = Views;
			sourceTree = "<group>";
		};
		C81D773D253CCB2900B1EA57 /* Models */ = {
			isa = PBXGroup;
			children = (
			);
			path = Models;
			sourceTree = "<group>";
		};
		C81D773E253CCB2D00B1EA57 /* ViewModels */ = {
			isa = PBXGroup;
			children = (
			);
			path = ViewModels;
			sourceTree = "<group>";
		};
		C81D773F253CCB3800B1EA57 /* Resources */ = {
			isa = PBXGroup;
			children = (
				C81D7726253CCA5800B1EA57 /* AppDelegate.swift */,
				C81D7728253CCA5800B1EA57 /* SceneDelegate.swift */,
				C81D7759253CD16000B1EA57 /* Extensions.swift */,
				C86B8775253E504C00984F63 /* DatabaseManager.swift */,
				C80598232541E56E00F81F0D /* StorageManager.swift */,
			);
			path = Resources;
			sourceTree = "<group>";
		};
		C81D7741253CCB5600B1EA57 /* Storyboards */ = {
			isa = PBXGroup;
			children = (
				C81D772C253CCA5800B1EA57 /* Main.storyboard */,
				C81D7731253CCA5900B1EA57 /* LaunchScreen.storyboard */,
			);
			path = Storyboards;
			sourceTree = "<group>";
		};
		C81D7757253CCD8F00B1EA57 /* Login */ = {
			isa = PBXGroup;
			children = (
				C81D7748253CCC3E00B1EA57 /* RegisterViewController.swift */,
				C81D7743253CCC2800B1EA57 /* LoginViewController.swift */,
			);
			path = Login;
			sourceTree = "<group>";
		};
/* End PBXGroup section */

/* Begin PBXNativeTarget section */
		C81D7722253CCA5800B1EA57 /* Messenger */ = {
			isa = PBXNativeTarget;
			buildConfigurationList = C81D7737253CCA5900B1EA57 /* Build configuration list for PBXNativeTarget "Messenger" */;
			buildPhases = (
				8D55BF21E7BF14B60F9A8C5C /* [CP] Check Pods Manifest.lock */,
				C81D771F253CCA5800B1EA57 /* Sources */,
				C81D7720253CCA5800B1EA57 /* Frameworks */,
				C81D7721253CCA5800B1EA57 /* Resources */,
				557A2941EB1DEFDDFA01DD2D /* [CP] Embed Pods Frameworks */,
				9EDC7C1C32B4ABEF7432CBBB /* [CP] Copy Pods Resources */,
			);
			buildRules = (
			);
			dependencies = (
			);
			name = Messenger;
			productName = Messenger;
			productReference = C81D7723253CCA5800B1EA57 /* Messenger.app */;
			productType = "com.apple.product-type.application";
		};
/* End PBXNativeTarget section */

/* Begin PBXProject section */
		C81D771B253CCA5800B1EA57 /* Project object */ = {
			isa = PBXProject;
			attributes = {
				LastSwiftUpdateCheck = 1200;
				LastUpgradeCheck = 1200;
				TargetAttributes = {
					C81D7722253CCA5800B1EA57 = {
						CreatedOnToolsVersion = 12.0.1;
					};
				};
			};
			buildConfigurationList = C81D771E253CCA5800B1EA57 /* Build configuration list for PBXProject "Messenger" */;
			compatibilityVersion = "Xcode 9.3";
			developmentRegion = en;
			hasScannedForEncodings = 0;
			knownRegions = (
				en,
				Base,
			);
			mainGroup = C81D771A253CCA5800B1EA57;
			productRefGroup = C81D7724253CCA5800B1EA57 /* Products */;
			projectDirPath = "";
			projectRoot = "";
			targets = (
				C81D7722253CCA5800B1EA57 /* Messenger */,
			);
		};
/* End PBXProject section */

/* Begin PBXResourcesBuildPhase section */
		C81D7721253CCA5800B1EA57 /* Resources */ = {
			isa = PBXResourcesBuildPhase;
			buildActionMask = 2147483647;
			files = (
				C81D7733253CCA5900B1EA57 /* LaunchScreen.storyboard in Resources */,
				C86B8713253E229F00984F63 /* GoogleService-Info.plist in Resources */,
				C81D7730253CCA5900B1EA57 /* Assets.xcassets in Resources */,
				C81D772E253CCA5800B1EA57 /* Main.storyboard in Resources */,
			);
			runOnlyForDeploymentPostprocessing = 0;
		};
/* End PBXResourcesBuildPhase section */

/* Begin PBXShellScriptBuildPhase section */
		557A2941EB1DEFDDFA01DD2D /* [CP] Embed Pods Frameworks */ = {
			isa = PBXShellScriptBuildPhase;
			buildActionMask = 2147483647;
			files = (
			);
			inputFileListPaths = (
				"${PODS_ROOT}/Target Support Files/Pods-Messenger/Pods-Messenger-frameworks-${CONFIGURATION}-input-files.xcfilelist",
			);
			name = "[CP] Embed Pods Frameworks";
			outputFileListPaths = (
				"${PODS_ROOT}/Target Support Files/Pods-Messenger/Pods-Messenger-frameworks-${CONFIGURATION}-output-files.xcfilelist",
			);
			runOnlyForDeploymentPostprocessing = 0;
			shellPath = /bin/sh;
			shellScript = "\"${PODS_ROOT}/Target Support Files/Pods-Messenger/Pods-Messenger-frameworks.sh\"\n";
			showEnvVarsInLog = 0;
		};
		8D55BF21E7BF14B60F9A8C5C /* [CP] Check Pods Manifest.lock */ = {
			isa = PBXShellScriptBuildPhase;
			buildActionMask = 2147483647;
			files = (
			);
			inputFileListPaths = (
			);
			inputPaths = (
				"${PODS_PODFILE_DIR_PATH}/Podfile.lock",
				"${PODS_ROOT}/Manifest.lock",
			);
			name = "[CP] Check Pods Manifest.lock";
			outputFileListPaths = (
			);
			outputPaths = (
				"$(DERIVED_FILE_DIR)/Pods-Messenger-checkManifestLockResult.txt",
			);
			runOnlyForDeploymentPostprocessing = 0;
			shellPath = /bin/sh;
			shellScript = "diff \"${PODS_PODFILE_DIR_PATH}/Podfile.lock\" \"${PODS_ROOT}/Manifest.lock\" > /dev/null\nif [ $? != 0 ] ; then\n    # print error to STDERR\n    echo \"error: The sandbox is not in sync with the Podfile.lock. Run 'pod install' or update your CocoaPods installation.\" >&2\n    exit 1\nfi\n# This output is used by Xcode 'outputs' to avoid re-running this script phase.\necho \"SUCCESS\" > \"${SCRIPT_OUTPUT_FILE_0}\"\n";
			showEnvVarsInLog = 0;
		};
		9EDC7C1C32B4ABEF7432CBBB /* [CP] Copy Pods Resources */ = {
			isa = PBXShellScriptBuildPhase;
			buildActionMask = 2147483647;
			files = (
			);
			inputFileListPaths = (
				"${PODS_ROOT}/Target Support Files/Pods-Messenger/Pods-Messenger-resources-${CONFIGURATION}-input-files.xcfilelist",
			);
			name = "[CP] Copy Pods Resources";
			outputFileListPaths = (
				"${PODS_ROOT}/Target Support Files/Pods-Messenger/Pods-Messenger-resources-${CONFIGURATION}-output-files.xcfilelist",
			);
			runOnlyForDeploymentPostprocessing = 0;
			shellPath = /bin/sh;
			shellScript = "\"${PODS_ROOT}/Target Support Files/Pods-Messenger/Pods-Messenger-resources.sh\"\n";
			showEnvVarsInLog = 0;
		};
/* End PBXShellScriptBuildPhase section */

/* Begin PBXSourcesBuildPhase section */
		C81D771F253CCA5800B1EA57 /* Sources */ = {
			isa = PBXSourcesBuildPhase;
			buildActionMask = 2147483647;
			files = (
				C81D7744253CCC2800B1EA57 /* LoginViewController.swift in Sources */,
				C884BC70254F40E500CAD750 /* NewConversationCell.swift in Sources */,
				C86B8776253E504C00984F63 /* DatabaseManager.swift in Sources */,
				C81D7749253CCC3E00B1EA57 /* RegisterViewController.swift in Sources */,
				C81D7752253CCC8500B1EA57 /* NewConversationViewController.swift in Sources */,
				C81D772B253CCA5800B1EA57 /* ConversationsViewController.swift in Sources */,
				C81D774F253CCC6400B1EA57 /* VideoPlayerViewController.swift in Sources */,
				C81D775A253CD16000B1EA57 /* Extensions.swift in Sources */,
				C81D7727253CCA5800B1EA57 /* AppDelegate.swift in Sources */,
				C81D7755253CCC9E00B1EA57 /* ProfileViewController.swift in Sources */,
				C81D7729253CCA5800B1EA57 /* SceneDelegate.swift in Sources */,
				C8BCEA8F2545EC44002328A3 /* ConversationTableViewCell.swift in Sources */,
				C851C55C25410CE8007C0A5F /* ChatViewController.swift in Sources */,
				C81D774C253CCC5D00B1EA57 /* PhotoViewerViewController.swift in Sources */,
				C80598242541E56E00F81F0D /* StorageManager.swift in Sources */,
				C8CA30602550A06500802D53 /* LocationPickerViewController.swift in Sources */,
			);
			runOnlyForDeploymentPostprocessing = 0;
		};
/* End PBXSourcesBuildPhase section */

/* Begin PBXVariantGroup section */
		C81D772C253CCA5800B1EA57 /* Main.storyboard */ = {
			isa = PBXVariantGroup;
			children = (
				C81D772D253CCA5800B1EA57 /* Base */,
			);
			name = Main.storyboard;
			sourceTree = "<group>";
		};
		C81D7731253CCA5900B1EA57 /* LaunchScreen.storyboard */ = {
			isa = PBXVariantGroup;
			children = (
				C81D7732253CCA5900B1EA57 /* Base */,
			);
			name = LaunchScreen.storyboard;
			sourceTree = "<group>";
		};
/* End PBXVariantGroup section */

/* Begin XCBuildConfiguration section */
		C81D7735253CCA5900B1EA57 /* Debug */ = {
			isa = XCBuildConfiguration;
			buildSettings = {
				ALWAYS_SEARCH_USER_PATHS = NO;
				CLANG_ANALYZER_NONNULL = YES;
				CLANG_ANALYZER_NUMBER_OBJECT_CONVERSION = YES_AGGRESSIVE;
				CLANG_CXX_LANGUAGE_STANDARD = "gnu++14";
				CLANG_CXX_LIBRARY = "libc++";
				CLANG_ENABLE_MODULES = YES;
				CLANG_ENABLE_OBJC_ARC = YES;
				CLANG_ENABLE_OBJC_WEAK = YES;
				CLANG_WARN_BLOCK_CAPTURE_AUTORELEASING = YES;
				CLANG_WARN_BOOL_CONVERSION = YES;
				CLANG_WARN_COMMA = YES;
				CLANG_WARN_CONSTANT_CONVERSION = YES;
				CLANG_WARN_DEPRECATED_OBJC_IMPLEMENTATIONS = YES;
				CLANG_WARN_DIRECT_OBJC_ISA_USAGE = YES_ERROR;
				CLANG_WARN_DOCUMENTATION_COMMENTS = YES;
				CLANG_WARN_EMPTY_BODY = YES;
				CLANG_WARN_ENUM_CONVERSION = YES;
				CLANG_WARN_INFINITE_RECURSION = YES;
				CLANG_WARN_INT_CONVERSION = YES;
				CLANG_WARN_NON_LITERAL_NULL_CONVERSION = YES;
				CLANG_WARN_OBJC_IMPLICIT_RETAIN_SELF = YES;
				CLANG_WARN_OBJC_LITERAL_CONVERSION = YES;
				CLANG_WARN_OBJC_ROOT_CLASS = YES_ERROR;
				CLANG_WARN_QUOTED_INCLUDE_IN_FRAMEWORK_HEADER = YES;
				CLANG_WARN_RANGE_LOOP_ANALYSIS = YES;
				CLANG_WARN_STRICT_PROTOTYPES = YES;
				CLANG_WARN_SUSPICIOUS_MOVE = YES;
				CLANG_WARN_UNGUARDED_AVAILABILITY = YES_AGGRESSIVE;
				CLANG_WARN_UNREACHABLE_CODE = YES;
				CLANG_WARN__DUPLICATE_METHOD_MATCH = YES;
				COPY_PHASE_STRIP = NO;
				DEBUG_INFORMATION_FORMAT = dwarf;
				ENABLE_STRICT_OBJC_MSGSEND = YES;
				ENABLE_TESTABILITY = YES;
				GCC_C_LANGUAGE_STANDARD = gnu11;
				GCC_DYNAMIC_NO_PIC = NO;
				GCC_NO_COMMON_BLOCKS = YES;
				GCC_OPTIMIZATION_LEVEL = 0;
				GCC_PREPROCESSOR_DEFINITIONS = (
					"DEBUG=1",
					"$(inherited)",
				);
				GCC_WARN_64_TO_32_BIT_CONVERSION = YES;
				GCC_WARN_ABOUT_RETURN_TYPE = YES_ERROR;
				GCC_WARN_UNDECLARED_SELECTOR = YES;
				GCC_WARN_UNINITIALIZED_AUTOS = YES_AGGRESSIVE;
				GCC_WARN_UNUSED_FUNCTION = YES;
				GCC_WARN_UNUSED_VARIABLE = YES;
				IPHONEOS_DEPLOYMENT_TARGET = 14.0;
				MTL_ENABLE_DEBUG_INFO = INCLUDE_SOURCE;
				MTL_FAST_MATH = YES;
				ONLY_ACTIVE_ARCH = YES;
				SDKROOT = iphoneos;
				SWIFT_ACTIVE_COMPILATION_CONDITIONS = DEBUG;
				SWIFT_OPTIMIZATION_LEVEL = "-Onone";
			};
			name = Debug;
		};
		C81D7736253CCA5900B1EA57 /* Release */ = {
			isa = XCBuildConfiguration;
			buildSettings = {
				ALWAYS_SEARCH_USER_PATHS = NO;
				CLANG_ANALYZER_NONNULL = YES;
				CLANG_ANALYZER_NUMBER_OBJECT_CONVERSION = YES_AGGRESSIVE;
				CLANG_CXX_LANGUAGE_STANDARD = "gnu++14";
				CLANG_CXX_LIBRARY = "libc++";
				CLANG_ENABLE_MODULES = YES;
				CLANG_ENABLE_OBJC_ARC = YES;
				CLANG_ENABLE_OBJC_WEAK = YES;
				CLANG_WARN_BLOCK_CAPTURE_AUTORELEASING = YES;
				CLANG_WARN_BOOL_CONVERSION = YES;
				CLANG_WARN_COMMA = YES;
				CLANG_WARN_CONSTANT_CONVERSION = YES;
				CLANG_WARN_DEPRECATED_OBJC_IMPLEMENTATIONS = YES;
				CLANG_WARN_DIRECT_OBJC_ISA_USAGE = YES_ERROR;
				CLANG_WARN_DOCUMENTATION_COMMENTS = YES;
				CLANG_WARN_EMPTY_BODY = YES;
				CLANG_WARN_ENUM_CONVERSION = YES;
				CLANG_WARN_INFINITE_RECURSION = YES;
				CLANG_WARN_INT_CONVERSION = YES;
				CLANG_WARN_NON_LITERAL_NULL_CONVERSION = YES;
				CLANG_WARN_OBJC_IMPLICIT_RETAIN_SELF = YES;
				CLANG_WARN_OBJC_LITERAL_CONVERSION = YES;
				CLANG_WARN_OBJC_ROOT_CLASS = YES_ERROR;
				CLANG_WARN_QUOTED_INCLUDE_IN_FRAMEWORK_HEADER = YES;
				CLANG_WARN_RANGE_LOOP_ANALYSIS = YES;
				CLANG_WARN_STRICT_PROTOTYPES = YES;
				CLANG_WARN_SUSPICIOUS_MOVE = YES;
				CLANG_WARN_UNGUARDED_AVAILABILITY = YES_AGGRESSIVE;
				CLANG_WARN_UNREACHABLE_CODE = YES;
				CLANG_WARN__DUPLICATE_METHOD_MATCH = YES;
				COPY_PHASE_STRIP = NO;
				DEBUG_INFORMATION_FORMAT = "dwarf-with-dsym";
				ENABLE_NS_ASSERTIONS = NO;
				ENABLE_STRICT_OBJC_MSGSEND = YES;
				GCC_C_LANGUAGE_STANDARD = gnu11;
				GCC_NO_COMMON_BLOCKS = YES;
				GCC_WARN_64_TO_32_BIT_CONVERSION = YES;
				GCC_WARN_ABOUT_RETURN_TYPE = YES_ERROR;
				GCC_WARN_UNDECLARED_SELECTOR = YES;
				GCC_WARN_UNINITIALIZED_AUTOS = YES_AGGRESSIVE;
				GCC_WARN_UNUSED_FUNCTION = YES;
				GCC_WARN_UNUSED_VARIABLE = YES;
				IPHONEOS_DEPLOYMENT_TARGET = 14.0;
				MTL_ENABLE_DEBUG_INFO = NO;
				MTL_FAST_MATH = YES;
				SDKROOT = iphoneos;
				SWIFT_COMPILATION_MODE = wholemodule;
				SWIFT_OPTIMIZATION_LEVEL = "-O";
				VALIDATE_PRODUCT = YES;
			};
			name = Release;
		};
		C81D7738253CCA5900B1EA57 /* Debug */ = {
			isa = XCBuildConfiguration;
			baseConfigurationReference = 1FF4DD029D80E183F35B0C32 /* Pods-Messenger.debug.xcconfig */;
			buildSettings = {
				ASSETCATALOG_COMPILER_APPICON_NAME = AppIcon;
				ASSETCATALOG_COMPILER_GLOBAL_ACCENT_COLOR_NAME = AccentColor;
				CODE_SIGN_STYLE = Automatic;
				DEVELOPMENT_TEAM = YBSZVA7CYQ;
				INFOPLIST_FILE = Messenger/Info.plist;
				LD_RUNPATH_SEARCH_PATHS = (
					"$(inherited)",
					"@executable_path/Frameworks",
				);
				PRODUCT_BUNDLE_IDENTIFIER = com.jmt.Messenger;
				PRODUCT_NAME = "$(TARGET_NAME)";
				SWIFT_VERSION = 5.0;
				TARGETED_DEVICE_FAMILY = "1,2";
			};
			name = Debug;
		};
		C81D7739253CCA5900B1EA57 /* Release */ = {
			isa = XCBuildConfiguration;
			baseConfigurationReference = 5295F47557FF00771AB53529 /* Pods-Messenger.release.xcconfig */;
			buildSettings = {
				ASSETCATALOG_COMPILER_APPICON_NAME = AppIcon;
				ASSETCATALOG_COMPILER_GLOBAL_ACCENT_COLOR_NAME = AccentColor;
				CODE_SIGN_STYLE = Automatic;
				DEVELOPMENT_TEAM = YBSZVA7CYQ;
				INFOPLIST_FILE = Messenger/Info.plist;
				LD_RUNPATH_SEARCH_PATHS = (
					"$(inherited)",
					"@executable_path/Frameworks",
				);
				PRODUCT_BUNDLE_IDENTIFIER = com.jmt.Messenger;
				PRODUCT_NAME = "$(TARGET_NAME)";
				SWIFT_VERSION = 5.0;
				TARGETED_DEVICE_FAMILY = "1,2";
			};
			name = Release;
		};
/* End XCBuildConfiguration section */

/* Begin XCConfigurationList section */
		C81D771E253CCA5800B1EA57 /* Build configuration list for PBXProject "Messenger" */ = {
			isa = XCConfigurationList;
			buildConfigurations = (
				C81D7735253CCA5900B1EA57 /* Debug */,
				C81D7736253CCA5900B1EA57 /* Release */,
			);
			defaultConfigurationIsVisible = 0;
			defaultConfigurationName = Release;
		};
		C81D7737253CCA5900B1EA57 /* Build configuration list for PBXNativeTarget "Messenger" */ = {
			isa = XCConfigurationList;
			buildConfigurations = (
				C81D7738253CCA5900B1EA57 /* Debug */,
				C81D7739253CCA5900B1EA57 /* Release */,
			);
			defaultConfigurationIsVisible = 0;
			defaultConfigurationName = Release;
		};
/* End XCConfigurationList section */
	};
	rootObject = C81D771B253CCA5800B1EA57 /* Project object */;
}
